# THIS IS AN AUTOGENERATED FILE. DO NOT EDIT THIS FILE DIRECTLY.
# yarn lockfile v1


"@babel/runtime@^7.14.6":
  version "7.16.5"
  resolved "https://registry.yarnpkg.com/@babel/runtime/-/runtime-7.16.5.tgz#7f3e34bf8bdbbadf03fbb7b1ea0d929569c9487a"
  integrity sha512-TXWihFIS3Pyv5hzR7j6ihmeLkZfrXGxAr5UfSl8CHf+6q/wpiYDkUau0czckpYG8QmnCIuPpdLtuA9VmuGGyMA==
  dependencies:
    regenerator-runtime "^0.13.4"

"@giveback007/util-lib@0.23.0":
  version "0.23.0"
  resolved "https://registry.yarnpkg.com/@giveback007/util-lib/-/util-lib-0.23.0.tgz#0b9840ea0d8006a37bb1e0d2d470da8cec0dd2e9"
  integrity sha512-u0RmsHa41Oh4eJ34CCrEELJ5djYQscqFpuHdBtHJhVG0vnSCOp1/c9X7prURU9fKIeCA+dmOIYCHWEONm4be5g==
  dependencies:
    tslib "~2.0.3"

regenerator-runtime@^0.13.4:
  version "0.13.9"
  resolved "https://registry.yarnpkg.com/regenerator-runtime/-/regenerator-runtime-0.13.9.tgz#8925742a98ffd90814988d7566ad30ca3b263b52"
  integrity sha512-p3VT+cOEgxFsRRA9X4lkI1E+k2/CtnKtU4gcxyaCUreilL/vqI6CdZ3wxVUx3UOUg+gnUOQQcRI7BmSI656MYA==

rest-api-handler@^2.21.9:
  version "2.21.9"
  resolved "https://registry.yarnpkg.com/rest-api-handler/-/rest-api-handler-2.21.9.tgz#4b80d7b94d8e89bd06f76fe1fe7664dcd626b688"
  integrity sha512-tE9/pzpEY9Y4cN/IITulz+m/HH53ZEy1ns+NDLLQF2sbTogcSnaaKRYfCTXLTK2ACwlBFIMytiYVBt+KnmtQ4Q==
  dependencies:
    "@babel/runtime" "^7.14.6"

tslib@~2.0.3:
  version "2.0.3"
  resolved "https://registry.yarnpkg.com/tslib/-/tslib-2.0.3.tgz#8e0741ac45fc0c226e58a17bfc3e64b9bc6ca61c"
  integrity sha512-uZtkfKblCEQtZKBF6EBXVZeQNl82yqtDQdv+eck8u7tdPxjLu2/lp5/uPW+um2tpuxINHWy3GhiccY7QgEaVHQ==
